// !$*UTF8*$!
{
	archiveVersion = 1;
	classes = {
	};
	objectVersion = 56;
	objects = {

/* Begin PBXBuildFile section */
		319268A0CD35D6A92FD3FE61 /* Pods_TMDB.framework in Frameworks */ = {isa = PBXBuildFile; fileRef = D088966886149BC696C52730 /* Pods_TMDB.framework */; };
		F30297A629B202020019EF05 /* ViewModelDetailsViewController.swift in Sources */ = {isa = PBXBuildFile; fileRef = F30297A529B202020019EF05 /* ViewModelDetailsViewController.swift */; };
		F30297A829B206850019EF05 /* ViewModelSavedMoviesViewController.swift in Sources */ = {isa = PBXBuildFile; fileRef = F30297A729B206850019EF05 /* ViewModelSavedMoviesViewController.swift */; };
		F30297AA29B2092A0019EF05 /* ViewModelGenresViewController.swift in Sources */ = {isa = PBXBuildFile; fileRef = F30297A929B2092A0019EF05 /* ViewModelGenresViewController.swift */; };
		F31495962975E386005145C8 /* SearchBar.swift in Sources */ = {isa = PBXBuildFile; fileRef = F31495952975E386005145C8 /* SearchBar.swift */; };
		F3251D9629AF28D200485A05 /* ViewModelTrendingViewController.swift in Sources */ = {isa = PBXBuildFile; fileRef = F3251D9529AF28D200485A05 /* ViewModelTrendingViewController.swift */; };
		F337835229B0DE0600C1EFF1 /* ViewModelMediaTableViewCell.swift in Sources */ = {isa = PBXBuildFile; fileRef = F337835129B0DE0600C1EFF1 /* ViewModelMediaTableViewCell.swift */; };
		F33CAECC2971620D007AF7B3 /* TrendingTableViewCell.swift in Sources */ = {isa = PBXBuildFile; fileRef = F33CAECA2971620D007AF7B3 /* TrendingTableViewCell.swift */; };
		F33CAECD2971620D007AF7B3 /* TrendingTableViewCell.xib in Resources */ = {isa = PBXBuildFile; fileRef = F33CAECB2971620D007AF7B3 /* TrendingTableViewCell.xib */; };
		F33CAED329716BDD007AF7B3 /* MediaModel.swift in Sources */ = {isa = PBXBuildFile; fileRef = F33CAED229716BDD007AF7B3 /* MediaModel.swift */; };
		F34C3646299A5577007459D9 /* GenresViewController.swift in Sources */ = {isa = PBXBuildFile; fileRef = F34C3645299A5577007459D9 /* GenresViewController.swift */; };
		F37C5D87296EBCE800C8906F /* AppDelegate.swift in Sources */ = {isa = PBXBuildFile; fileRef = F37C5D86296EBCE800C8906F /* AppDelegate.swift */; };
		F37C5D89296EBCE800C8906F /* SceneDelegate.swift in Sources */ = {isa = PBXBuildFile; fileRef = F37C5D88296EBCE800C8906F /* SceneDelegate.swift */; };
		F37C5D8B296EBCE800C8906F /* TrendingViewController.swift in Sources */ = {isa = PBXBuildFile; fileRef = F37C5D8A296EBCE800C8906F /* TrendingViewController.swift */; };
		F37C5D8E296EBCE800C8906F /* Main.storyboard in Resources */ = {isa = PBXBuildFile; fileRef = F37C5D8C296EBCE800C8906F /* Main.storyboard */; };
		F37C5D90296EBCE800C8906F /* Assets.xcassets in Resources */ = {isa = PBXBuildFile; fileRef = F37C5D8F296EBCE800C8906F /* Assets.xcassets */; };
		F37C5D93296EBCE800C8906F /* LaunchScreen.storyboard in Resources */ = {isa = PBXBuildFile; fileRef = F37C5D91296EBCE800C8906F /* LaunchScreen.storyboard */; };
		F37C5D9C296EBDE900C8906F /* Constants.swift in Sources */ = {isa = PBXBuildFile; fileRef = F37C5D9B296EBDE900C8906F /* Constants.swift */; };
		F37C5DA1296EBE3000C8906F /* NetworkManager.swift in Sources */ = {isa = PBXBuildFile; fileRef = F37C5DA0296EBE3000C8906F /* NetworkManager.swift */; };
		F3BFA182297E9EFA00E9D685 /* DetailsViewController.swift in Sources */ = {isa = PBXBuildFile; fileRef = F3BFA181297E9EFA00E9D685 /* DetailsViewController.swift */; };
		F3CB50D7298051140024969F /* TrailerModel.swift in Sources */ = {isa = PBXBuildFile; fileRef = F3CB50D6298051140024969F /* TrailerModel.swift */; };
		F3DA629D2982F213003C6781 /* DataManager.swift in Sources */ = {isa = PBXBuildFile; fileRef = F3DA629C2982F213003C6781 /* DataManager.swift */; };
		F3DA62A02982F311003C6781 /* RealmModel.swift in Sources */ = {isa = PBXBuildFile; fileRef = F3DA629F2982F311003C6781 /* RealmModel.swift */; };
		F3E6F0952987CAD30012B80E /* SavedMoviesViewController.swift in Sources */ = {isa = PBXBuildFile; fileRef = F3E6F0942987CAD30012B80E /* SavedMoviesViewController.swift */; };
		F3FB0F2929A3D07500EAF5A1 /* MediaTableViewCell.swift in Sources */ = {isa = PBXBuildFile; fileRef = F3FB0F2829A3D07500EAF5A1 /* MediaTableViewCell.swift */; };
		F3FB0F2B29A3D6BA00EAF5A1 /* PostersCollectionViewCell.swift in Sources */ = {isa = PBXBuildFile; fileRef = F3FB0F2A29A3D6BA00EAF5A1 /* PostersCollectionViewCell.swift */; };
/* End PBXBuildFile section */

/* Begin PBXFileReference section */
		8921F46F865E239EF832AD57 /* Pods-TMDB.release.xcconfig */ = {isa = PBXFileReference; includeInIndex = 1; lastKnownFileType = text.xcconfig; name = "Pods-TMDB.release.xcconfig"; path = "Target Support Files/Pods-TMDB/Pods-TMDB.release.xcconfig"; sourceTree = "<group>"; };
		93981560E3805ADD76104397 /* Pods-TMDB.debug.xcconfig */ = {isa = PBXFileReference; includeInIndex = 1; lastKnownFileType = text.xcconfig; name = "Pods-TMDB.debug.xcconfig"; path = "Target Support Files/Pods-TMDB/Pods-TMDB.debug.xcconfig"; sourceTree = "<group>"; };
		D088966886149BC696C52730 /* Pods_TMDB.framework */ = {isa = PBXFileReference; explicitFileType = wrapper.framework; includeInIndex = 0; path = Pods_TMDB.framework; sourceTree = BUILT_PRODUCTS_DIR; };
		F30297A529B202020019EF05 /* ViewModelDetailsViewController.swift */ = {isa = PBXFileReference; lastKnownFileType = sourcecode.swift; path = ViewModelDetailsViewController.swift; sourceTree = "<group>"; };
		F30297A729B206850019EF05 /* ViewModelSavedMoviesViewController.swift */ = {isa = PBXFileReference; lastKnownFileType = sourcecode.swift; path = ViewModelSavedMoviesViewController.swift; sourceTree = "<group>"; };
		F30297A929B2092A0019EF05 /* ViewModelGenresViewController.swift */ = {isa = PBXFileReference; lastKnownFileType = sourcecode.swift; path = ViewModelGenresViewController.swift; sourceTree = "<group>"; };
		F31495952975E386005145C8 /* SearchBar.swift */ = {isa = PBXFileReference; lastKnownFileType = sourcecode.swift; path = SearchBar.swift; sourceTree = "<group>"; };
		F3251D9529AF28D200485A05 /* ViewModelTrendingViewController.swift */ = {isa = PBXFileReference; lastKnownFileType = sourcecode.swift; path = ViewModelTrendingViewController.swift; sourceTree = "<group>"; };
		F337835129B0DE0600C1EFF1 /* ViewModelMediaTableViewCell.swift */ = {isa = PBXFileReference; lastKnownFileType = sourcecode.swift; path = ViewModelMediaTableViewCell.swift; sourceTree = "<group>"; };
		F33CAECA2971620D007AF7B3 /* TrendingTableViewCell.swift */ = {isa = PBXFileReference; lastKnownFileType = sourcecode.swift; path = TrendingTableViewCell.swift; sourceTree = "<group>"; };
		F33CAECB2971620D007AF7B3 /* TrendingTableViewCell.xib */ = {isa = PBXFileReference; lastKnownFileType = file.xib; path = TrendingTableViewCell.xib; sourceTree = "<group>"; };
		F33CAED229716BDD007AF7B3 /* MediaModel.swift */ = {isa = PBXFileReference; lastKnownFileType = sourcecode.swift; path = MediaModel.swift; sourceTree = "<group>"; };
		F34C3645299A5577007459D9 /* GenresViewController.swift */ = {isa = PBXFileReference; lastKnownFileType = sourcecode.swift; path = GenresViewController.swift; sourceTree = "<group>"; };
		F37C5D83296EBCE800C8906F /* TMDB.app */ = {isa = PBXFileReference; explicitFileType = wrapper.application; includeInIndex = 0; path = TMDB.app; sourceTree = BUILT_PRODUCTS_DIR; };
		F37C5D86296EBCE800C8906F /* AppDelegate.swift */ = {isa = PBXFileReference; lastKnownFileType = sourcecode.swift; path = AppDelegate.swift; sourceTree = "<group>"; };
		F37C5D88296EBCE800C8906F /* SceneDelegate.swift */ = {isa = PBXFileReference; lastKnownFileType = sourcecode.swift; path = SceneDelegate.swift; sourceTree = "<group>"; };
		F37C5D8A296EBCE800C8906F /* TrendingViewController.swift */ = {isa = PBXFileReference; lastKnownFileType = sourcecode.swift; path = TrendingViewController.swift; sourceTree = "<group>"; };
		F37C5D8D296EBCE800C8906F /* Base */ = {isa = PBXFileReference; lastKnownFileType = file.storyboard; name = Base; path = Base.lproj/Main.storyboard; sourceTree = "<group>"; };
		F37C5D8F296EBCE800C8906F /* Assets.xcassets */ = {isa = PBXFileReference; lastKnownFileType = folder.assetcatalog; path = Assets.xcassets; sourceTree = "<group>"; };
		F37C5D92296EBCE800C8906F /* Base */ = {isa = PBXFileReference; lastKnownFileType = file.storyboard; name = Base; path = Base.lproj/LaunchScreen.storyboard; sourceTree = "<group>"; };
		F37C5D94296EBCE800C8906F /* Info.plist */ = {isa = PBXFileReference; lastKnownFileType = text.plist.xml; path = Info.plist; sourceTree = "<group>"; };
		F37C5D9B296EBDE900C8906F /* Constants.swift */ = {isa = PBXFileReference; lastKnownFileType = sourcecode.swift; path = Constants.swift; sourceTree = "<group>"; };
		F37C5DA0296EBE3000C8906F /* NetworkManager.swift */ = {isa = PBXFileReference; lastKnownFileType = sourcecode.swift; path = NetworkManager.swift; sourceTree = "<group>"; };
		F3BFA181297E9EFA00E9D685 /* DetailsViewController.swift */ = {isa = PBXFileReference; lastKnownFileType = sourcecode.swift; path = DetailsViewController.swift; sourceTree = "<group>"; };
		F3CB50D6298051140024969F /* TrailerModel.swift */ = {isa = PBXFileReference; lastKnownFileType = sourcecode.swift; path = TrailerModel.swift; sourceTree = "<group>"; };
		F3DA629C2982F213003C6781 /* DataManager.swift */ = {isa = PBXFileReference; lastKnownFileType = sourcecode.swift; path = DataManager.swift; sourceTree = "<group>"; };
		F3DA629F2982F311003C6781 /* RealmModel.swift */ = {isa = PBXFileReference; lastKnownFileType = sourcecode.swift; path = RealmModel.swift; sourceTree = "<group>"; };
		F3E6F0942987CAD30012B80E /* SavedMoviesViewController.swift */ = {isa = PBXFileReference; lastKnownFileType = sourcecode.swift; path = SavedMoviesViewController.swift; sourceTree = "<group>"; };
		F3FB0F2829A3D07500EAF5A1 /* MediaTableViewCell.swift */ = {isa = PBXFileReference; lastKnownFileType = sourcecode.swift; path = MediaTableViewCell.swift; sourceTree = "<group>"; };
		F3FB0F2A29A3D6BA00EAF5A1 /* PostersCollectionViewCell.swift */ = {isa = PBXFileReference; lastKnownFileType = sourcecode.swift; path = PostersCollectionViewCell.swift; sourceTree = "<group>"; };
/* End PBXFileReference section */

/* Begin PBXFrameworksBuildPhase section */
		F37C5D80296EBCE800C8906F /* Frameworks */ = {
			isa = PBXFrameworksBuildPhase;
			buildActionMask = 2147483647;
			files = (
				319268A0CD35D6A92FD3FE61 /* Pods_TMDB.framework in Frameworks */,
			);
			runOnlyForDeploymentPostprocessing = 0;
		};
/* End PBXFrameworksBuildPhase section */

/* Begin PBXGroup section */
		038267C2CE3BB63DD52CF03B /* Frameworks */ = {
			isa = PBXGroup;
			children = (
				D088966886149BC696C52730 /* Pods_TMDB.framework */,
			);
			name = Frameworks;
			sourceTree = "<group>";
		};
		2C2E57272077A889811C433B /* Pods */ = {
			isa = PBXGroup;
			children = (
				93981560E3805ADD76104397 /* Pods-TMDB.debug.xcconfig */,
				8921F46F865E239EF832AD57 /* Pods-TMDB.release.xcconfig */,
			);
			path = Pods;
			sourceTree = "<group>";
		};
		F337835329B0E04200C1EFF1 /* ViewModels */ = {
			isa = PBXGroup;
			children = (
				F337835129B0DE0600C1EFF1 /* ViewModelMediaTableViewCell.swift */,
				F3251D9529AF28D200485A05 /* ViewModelTrendingViewController.swift */,
				F30297A529B202020019EF05 /* ViewModelDetailsViewController.swift */,
				F30297A729B206850019EF05 /* ViewModelSavedMoviesViewController.swift */,
				F30297A929B2092A0019EF05 /* ViewModelGenresViewController.swift */,
			);
			path = ViewModels;
			sourceTree = "<group>";
		};
		F33CAEC9297161CC007AF7B3 /* Cell */ = {
			isa = PBXGroup;
			children = (
				F33CAECA2971620D007AF7B3 /* TrendingTableViewCell.swift */,
				F33CAECB2971620D007AF7B3 /* TrendingTableViewCell.xib */,
			);
			path = Cell;
			sourceTree = "<group>";
		};
		F37C5D7A296EBCE800C8906F = {
			isa = PBXGroup;
			children = (
				F37C5D85296EBCE800C8906F /* TMDB */,
				F37C5D84296EBCE800C8906F /* Products */,
				2C2E57272077A889811C433B /* Pods */,
				038267C2CE3BB63DD52CF03B /* Frameworks */,
			);
			sourceTree = "<group>";
		};
		F37C5D84296EBCE800C8906F /* Products */ = {
			isa = PBXGroup;
			children = (
				F37C5D83296EBCE800C8906F /* TMDB.app */,
			);
			name = Products;
			sourceTree = "<group>";
		};
		F37C5D85296EBCE800C8906F /* TMDB */ = {
			isa = PBXGroup;
			children = (
				F337835329B0E04200C1EFF1 /* ViewModels */,
				F37C5D9E296EBDF600C8906F /* Views */,
				F37C5D9A296EBCF000C8906F /* DefaultFiles */,
				F37C5D9D296EBDF000C8906F /* Models */,
			);
			path = TMDB;
			sourceTree = "<group>";
		};
		F37C5D9A296EBCF000C8906F /* DefaultFiles */ = {
			isa = PBXGroup;
			children = (
				F37C5D86296EBCE800C8906F /* AppDelegate.swift */,
				F37C5D88296EBCE800C8906F /* SceneDelegate.swift */,
				F37C5D8F296EBCE800C8906F /* Assets.xcassets */,
				F37C5D91296EBCE800C8906F /* LaunchScreen.storyboard */,
				F37C5D94296EBCE800C8906F /* Info.plist */,
			);
			path = DefaultFiles;
			sourceTree = "<group>";
		};
		F37C5D9D296EBDF000C8906F /* Models */ = {
			isa = PBXGroup;
			children = (
				F3DA629F2982F311003C6781 /* RealmModel.swift */,
				F3CB50D6298051140024969F /* TrailerModel.swift */,
				F33CAED229716BDD007AF7B3 /* MediaModel.swift */,
				F37C5D9B296EBDE900C8906F /* Constants.swift */,
				F3DA629C2982F213003C6781 /* DataManager.swift */,
				F37C5DA0296EBE3000C8906F /* NetworkManager.swift */,
				F31495952975E386005145C8 /* SearchBar.swift */,
			);
			path = Models;
			sourceTree = "<group>";
		};
		F37C5D9E296EBDF600C8906F /* Views */ = {
			isa = PBXGroup;
			children = (
				F37C5D9F296EBDFA00C8906F /* ViewControllers */,
				F37C5D8C296EBCE800C8906F /* Main.storyboard */,
			);
			path = Views;
			sourceTree = "<group>";
		};
		F37C5D9F296EBDFA00C8906F /* ViewControllers */ = {
			isa = PBXGroup;
			children = (
				F33CAEC9297161CC007AF7B3 /* Cell */,
				F3FB0F2A29A3D6BA00EAF5A1 /* PostersCollectionViewCell.swift */,
				F3FB0F2829A3D07500EAF5A1 /* MediaTableViewCell.swift */,
				F37C5D8A296EBCE800C8906F /* TrendingViewController.swift */,
				F3BFA181297E9EFA00E9D685 /* DetailsViewController.swift */,
				F3E6F0942987CAD30012B80E /* SavedMoviesViewController.swift */,
				F34C3645299A5577007459D9 /* GenresViewController.swift */,
			);
			path = ViewControllers;
			sourceTree = "<group>";
		};
/* End PBXGroup section */

/* Begin PBXNativeTarget section */
		F37C5D82296EBCE800C8906F /* TMDB */ = {
			isa = PBXNativeTarget;
			buildConfigurationList = F37C5D97296EBCE800C8906F /* Build configuration list for PBXNativeTarget "TMDB" */;
			buildPhases = (
				141D8A1B5D37E32125BB426E /* [CP] Check Pods Manifest.lock */,
				F37C5D7F296EBCE800C8906F /* Sources */,
				F37C5D80296EBCE800C8906F /* Frameworks */,
				F37C5D81296EBCE800C8906F /* Resources */,
				3E58361007EB9530B09F3B2E /* [CP] Embed Pods Frameworks */,
			);
			buildRules = (
			);
			dependencies = (
			);
			name = TMDB;
			productName = TMDB;
			productReference = F37C5D83296EBCE800C8906F /* TMDB.app */;
			productType = "com.apple.product-type.application";
		};
/* End PBXNativeTarget section */

/* Begin PBXProject section */
		F37C5D7B296EBCE800C8906F /* Project object */ = {
			isa = PBXProject;
			attributes = {
				BuildIndependentTargetsInParallel = 1;
				LastSwiftUpdateCheck = 1420;
				LastUpgradeCheck = 1420;
				TargetAttributes = {
					F37C5D82296EBCE800C8906F = {
						CreatedOnToolsVersion = 14.2;
					};
				};
			};
			buildConfigurationList = F37C5D7E296EBCE800C8906F /* Build configuration list for PBXProject "TMDB" */;
			compatibilityVersion = "Xcode 14.0";
			developmentRegion = en;
			hasScannedForEncodings = 0;
			knownRegions = (
				en,
				Base,
			);
			mainGroup = F37C5D7A296EBCE800C8906F;
			productRefGroup = F37C5D84296EBCE800C8906F /* Products */;
			projectDirPath = "";
			projectRoot = "";
			targets = (
				F37C5D82296EBCE800C8906F /* TMDB */,
			);
		};
/* End PBXProject section */

/* Begin PBXResourcesBuildPhase section */
		F37C5D81296EBCE800C8906F /* Resources */ = {
			isa = PBXResourcesBuildPhase;
			buildActionMask = 2147483647;
			files = (
				F37C5D93296EBCE800C8906F /* LaunchScreen.storyboard in Resources */,
				F33CAECD2971620D007AF7B3 /* TrendingTableViewCell.xib in Resources */,
				F37C5D90296EBCE800C8906F /* Assets.xcassets in Resources */,
				F37C5D8E296EBCE800C8906F /* Main.storyboard in Resources */,
			);
			runOnlyForDeploymentPostprocessing = 0;
		};
/* End PBXResourcesBuildPhase section */

/* Begin PBXShellScriptBuildPhase section */
		141D8A1B5D37E32125BB426E /* [CP] Check Pods Manifest.lock */ = {
			isa = PBXShellScriptBuildPhase;
			buildActionMask = 2147483647;
			files = (
			);
			inputFileListPaths = (
			);
			inputPaths = (
				"${PODS_PODFILE_DIR_PATH}/Podfile.lock",
				"${PODS_ROOT}/Manifest.lock",
			);
			name = "[CP] Check Pods Manifest.lock";
			outputFileListPaths = (
			);
			outputPaths = (
				"$(DERIVED_FILE_DIR)/Pods-TMDB-checkManifestLockResult.txt",
			);
			runOnlyForDeploymentPostprocessing = 0;
			shellPath = /bin/sh;
			shellScript = "diff \"${PODS_PODFILE_DIR_PATH}/Podfile.lock\" \"${PODS_ROOT}/Manifest.lock\" > /dev/null\nif [ $? != 0 ] ; then\n    # print error to STDERR\n    echo \"error: The sandbox is not in sync with the Podfile.lock. Run 'pod install' or update your CocoaPods installation.\" >&2\n    exit 1\nfi\n# This output is used by Xcode 'outputs' to avoid re-running this script phase.\necho \"SUCCESS\" > \"${SCRIPT_OUTPUT_FILE_0}\"\n";
			showEnvVarsInLog = 0;
		};
		3E58361007EB9530B09F3B2E /* [CP] Embed Pods Frameworks */ = {
			isa = PBXShellScriptBuildPhase;
			buildActionMask = 2147483647;
			files = (
			);
			inputFileListPaths = (
				"${PODS_ROOT}/Target Support Files/Pods-TMDB/Pods-TMDB-frameworks-${CONFIGURATION}-input-files.xcfilelist",
			);
			name = "[CP] Embed Pods Frameworks";
			outputFileListPaths = (
				"${PODS_ROOT}/Target Support Files/Pods-TMDB/Pods-TMDB-frameworks-${CONFIGURATION}-output-files.xcfilelist",
			);
			runOnlyForDeploymentPostprocessing = 0;
			shellPath = /bin/sh;
			shellScript = "\"${PODS_ROOT}/Target Support Files/Pods-TMDB/Pods-TMDB-frameworks.sh\"\n";
			showEnvVarsInLog = 0;
		};
/* End PBXShellScriptBuildPhase section */

/* Begin PBXSourcesBuildPhase section */
		F37C5D7F296EBCE800C8906F /* Sources */ = {
			isa = PBXSourcesBuildPhase;
			buildActionMask = 2147483647;
			files = (
				F3DA62A02982F311003C6781 /* RealmModel.swift in Sources */,
				F3BFA182297E9EFA00E9D685 /* DetailsViewController.swift in Sources */,
				F3FB0F2B29A3D6BA00EAF5A1 /* PostersCollectionViewCell.swift in Sources */,
				F3FB0F2929A3D07500EAF5A1 /* MediaTableViewCell.swift in Sources */,
				F37C5D8B296EBCE800C8906F /* TrendingViewController.swift in Sources */,
				F337835229B0DE0600C1EFF1 /* ViewModelMediaTableViewCell.swift in Sources */,
				F37C5D87296EBCE800C8906F /* AppDelegate.swift in Sources */,
				F37C5DA1296EBE3000C8906F /* NetworkManager.swift in Sources */,
				F3E6F0952987CAD30012B80E /* SavedMoviesViewController.swift in Sources */,
				F30297A629B202020019EF05 /* ViewModelDetailsViewController.swift in Sources */,
				F33CAED329716BDD007AF7B3 /* MediaModel.swift in Sources */,
				F3CB50D7298051140024969F /* TrailerModel.swift in Sources */,
				F31495962975E386005145C8 /* SearchBar.swift in Sources */,
				F37C5D89296EBCE800C8906F /* SceneDelegate.swift in Sources */,
				F34C3646299A5577007459D9 /* GenresViewController.swift in Sources */,
				F37C5D9C296EBDE900C8906F /* Constants.swift in Sources */,
				F30297A829B206850019EF05 /* ViewModelSavedMoviesViewController.swift in Sources */,
				F30297AA29B2092A0019EF05 /* ViewModelGenresViewController.swift in Sources */,
				F3DA629D2982F213003C6781 /* DataManager.swift in Sources */,
				F3251D9629AF28D200485A05 /* ViewModelTrendingViewController.swift in Sources */,
				F33CAECC2971620D007AF7B3 /* TrendingTableViewCell.swift in Sources */,
			);
			runOnlyForDeploymentPostprocessing = 0;
		};
/* End PBXSourcesBuildPhase section */

/* Begin PBXVariantGroup section */
		F37C5D8C296EBCE800C8906F /* Main.storyboard */ = {
			isa = PBXVariantGroup;
			children = (
				F37C5D8D296EBCE800C8906F /* Base */,
			);
			name = Main.storyboard;
			sourceTree = "<group>";
		};
		F37C5D91296EBCE800C8906F /* LaunchScreen.storyboard */ = {
			isa = PBXVariantGroup;
			children = (
				F37C5D92296EBCE800C8906F /* Base */,
			);
			name = LaunchScreen.storyboard;
			sourceTree = "<group>";
		};
/* End PBXVariantGroup section */

/* Begin XCBuildConfiguration section */
		F37C5D95296EBCE800C8906F /* Debug */ = {
			isa = XCBuildConfiguration;
			buildSettings = {
				ALWAYS_SEARCH_USER_PATHS = NO;
				CLANG_ANALYZER_NONNULL = YES;
				CLANG_ANALYZER_NUMBER_OBJECT_CONVERSION = YES_AGGRESSIVE;
				CLANG_CXX_LANGUAGE_STANDARD = "gnu++20";
				CLANG_ENABLE_MODULES = YES;
				CLANG_ENABLE_OBJC_ARC = YES;
				CLANG_ENABLE_OBJC_WEAK = YES;
				CLANG_WARN_BLOCK_CAPTURE_AUTORELEASING = YES;
				CLANG_WARN_BOOL_CONVERSION = YES;
				CLANG_WARN_COMMA = YES;
				CLANG_WARN_CONSTANT_CONVERSION = YES;
				CLANG_WARN_DEPRECATED_OBJC_IMPLEMENTATIONS = YES;
				CLANG_WARN_DIRECT_OBJC_ISA_USAGE = YES_ERROR;
				CLANG_WARN_DOCUMENTATION_COMMENTS = YES;
				CLANG_WARN_EMPTY_BODY = YES;
				CLANG_WARN_ENUM_CONVERSION = YES;
				CLANG_WARN_INFINITE_RECURSION = YES;
				CLANG_WARN_INT_CONVERSION = YES;
				CLANG_WARN_NON_LITERAL_NULL_CONVERSION = YES;
				CLANG_WARN_OBJC_IMPLICIT_RETAIN_SELF = YES;
				CLANG_WARN_OBJC_LITERAL_CONVERSION = YES;
				CLANG_WARN_OBJC_ROOT_CLASS = YES_ERROR;
				CLANG_WARN_QUOTED_INCLUDE_IN_FRAMEWORK_HEADER = YES;
				CLANG_WARN_RANGE_LOOP_ANALYSIS = YES;
				CLANG_WARN_STRICT_PROTOTYPES = YES;
				CLANG_WARN_SUSPICIOUS_MOVE = YES;
				CLANG_WARN_UNGUARDED_AVAILABILITY = YES_AGGRESSIVE;
				CLANG_WARN_UNREACHABLE_CODE = YES;
				CLANG_WARN__DUPLICATE_METHOD_MATCH = YES;
				COPY_PHASE_STRIP = NO;
				DEBUG_INFORMATION_FORMAT = dwarf;
				ENABLE_STRICT_OBJC_MSGSEND = YES;
				ENABLE_TESTABILITY = YES;
				GCC_C_LANGUAGE_STANDARD = gnu11;
				GCC_DYNAMIC_NO_PIC = NO;
				GCC_NO_COMMON_BLOCKS = YES;
				GCC_OPTIMIZATION_LEVEL = 0;
				GCC_PREPROCESSOR_DEFINITIONS = (
					"DEBUG=1",
					"$(inherited)",
				);
				GCC_WARN_64_TO_32_BIT_CONVERSION = YES;
				GCC_WARN_ABOUT_RETURN_TYPE = YES_ERROR;
				GCC_WARN_UNDECLARED_SELECTOR = YES;
				GCC_WARN_UNINITIALIZED_AUTOS = YES_AGGRESSIVE;
				GCC_WARN_UNUSED_FUNCTION = YES;
				GCC_WARN_UNUSED_VARIABLE = YES;
				IPHONEOS_DEPLOYMENT_TARGET = 16.2;
				MTL_ENABLE_DEBUG_INFO = INCLUDE_SOURCE;
				MTL_FAST_MATH = YES;
				ONLY_ACTIVE_ARCH = YES;
				SDKROOT = iphoneos;
				SWIFT_ACTIVE_COMPILATION_CONDITIONS = DEBUG;
				SWIFT_OPTIMIZATION_LEVEL = "-Onone";
			};
			name = Debug;
		};
		F37C5D96296EBCE800C8906F /* Release */ = {
			isa = XCBuildConfiguration;
			buildSettings = {
				ALWAYS_SEARCH_USER_PATHS = NO;
				CLANG_ANALYZER_NONNULL = YES;
				CLANG_ANALYZER_NUMBER_OBJECT_CONVERSION = YES_AGGRESSIVE;
				CLANG_CXX_LANGUAGE_STANDARD = "gnu++20";
				CLANG_ENABLE_MODULES = YES;
				CLANG_ENABLE_OBJC_ARC = YES;
				CLANG_ENABLE_OBJC_WEAK = YES;
				CLANG_WARN_BLOCK_CAPTURE_AUTORELEASING = YES;
				CLANG_WARN_BOOL_CONVERSION = YES;
				CLANG_WARN_COMMA = YES;
				CLANG_WARN_CONSTANT_CONVERSION = YES;
				CLANG_WARN_DEPRECATED_OBJC_IMPLEMENTATIONS = YES;
				CLANG_WARN_DIRECT_OBJC_ISA_USAGE = YES_ERROR;
				CLANG_WARN_DOCUMENTATION_COMMENTS = YES;
				CLANG_WARN_EMPTY_BODY = YES;
				CLANG_WARN_ENUM_CONVERSION = YES;
				CLANG_WARN_INFINITE_RECURSION = YES;
				CLANG_WARN_INT_CONVERSION = YES;
				CLANG_WARN_NON_LITERAL_NULL_CONVERSION = YES;
				CLANG_WARN_OBJC_IMPLICIT_RETAIN_SELF = YES;
				CLANG_WARN_OBJC_LITERAL_CONVERSION = YES;
				CLANG_WARN_OBJC_ROOT_CLASS = YES_ERROR;
				CLANG_WARN_QUOTED_INCLUDE_IN_FRAMEWORK_HEADER = YES;
				CLANG_WARN_RANGE_LOOP_ANALYSIS = YES;
				CLANG_WARN_STRICT_PROTOTYPES = YES;
				CLANG_WARN_SUSPICIOUS_MOVE = YES;
				CLANG_WARN_UNGUARDED_AVAILABILITY = YES_AGGRESSIVE;
				CLANG_WARN_UNREACHABLE_CODE = YES;
				CLANG_WARN__DUPLICATE_METHOD_MATCH = YES;
				COPY_PHASE_STRIP = NO;
				DEBUG_INFORMATION_FORMAT = "dwarf-with-dsym";
				ENABLE_NS_ASSERTIONS = NO;
				ENABLE_STRICT_OBJC_MSGSEND = YES;
				GCC_C_LANGUAGE_STANDARD = gnu11;
				GCC_NO_COMMON_BLOCKS = YES;
				GCC_WARN_64_TO_32_BIT_CONVERSION = YES;
				GCC_WARN_ABOUT_RETURN_TYPE = YES_ERROR;
				GCC_WARN_UNDECLARED_SELECTOR = YES;
				GCC_WARN_UNINITIALIZED_AUTOS = YES_AGGRESSIVE;
				GCC_WARN_UNUSED_FUNCTION = YES;
				GCC_WARN_UNUSED_VARIABLE = YES;
				IPHONEOS_DEPLOYMENT_TARGET = 16.2;
				MTL_ENABLE_DEBUG_INFO = NO;
				MTL_FAST_MATH = YES;
				SDKROOT = iphoneos;
				SWIFT_COMPILATION_MODE = wholemodule;
				SWIFT_OPTIMIZATION_LEVEL = "-O";
				VALIDATE_PRODUCT = YES;
			};
			name = Release;
		};
		F37C5D98296EBCE800C8906F /* Debug */ = {
			isa = XCBuildConfiguration;
			baseConfigurationReference = 93981560E3805ADD76104397 /* Pods-TMDB.debug.xcconfig */;
			buildSettings = {
				ASSETCATALOG_COMPILER_APPICON_NAME = AppIcon;
				ASSETCATALOG_COMPILER_GLOBAL_ACCENT_COLOR_NAME = AccentColor;
				CODE_SIGN_STYLE = Automatic;
				CURRENT_PROJECT_VERSION = 1;
				DEVELOPMENT_TEAM = 8LNN887G52;
				GENERATE_INFOPLIST_FILE = YES;
				INFOPLIST_FILE = TMDB/DefaultFiles/Info.plist;
				INFOPLIST_KEY_UIApplicationSupportsIndirectInputEvents = YES;
				INFOPLIST_KEY_UILaunchStoryboardName = LaunchScreen;
				INFOPLIST_KEY_UIMainStoryboardFile = Main;
				INFOPLIST_KEY_UISupportedInterfaceOrientations_iPad = "UIInterfaceOrientationPortrait UIInterfaceOrientationPortraitUpsideDown UIInterfaceOrientationLandscapeLeft UIInterfaceOrientationLandscapeRight";
				INFOPLIST_KEY_UISupportedInterfaceOrientations_iPhone = "UIInterfaceOrientationPortrait UIInterfaceOrientationLandscapeLeft UIInterfaceOrientationLandscapeRight";
				IPHONEOS_DEPLOYMENT_TARGET = 16.0;
				LD_RUNPATH_SEARCH_PATHS = (
					"$(inherited)",
					"@executable_path/Frameworks",
				);
				MARKETING_VERSION = 1.0;
				PRODUCT_BUNDLE_IDENTIFIER = sb.TMDB;
				PRODUCT_NAME = "$(TARGET_NAME)";
				SWIFT_EMIT_LOC_STRINGS = YES;
				SWIFT_VERSION = 5.0;
				TARGETED_DEVICE_FAMILY = "1,2";
			};
			name = Debug;
		};
		F37C5D99296EBCE800C8906F /* Release */ = {
			isa = XCBuildConfiguration;
			baseConfigurationReference = 8921F46F865E239EF832AD57 /* Pods-TMDB.release.xcconfig */;
			buildSettings = {
				ASSETCATALOG_COMPILER_APPICON_NAME = AppIcon;
				ASSETCATALOG_COMPILER_GLOBAL_ACCENT_COLOR_NAME = AccentColor;
				CODE_SIGN_STYLE = Automatic;
				CURRENT_PROJECT_VERSION = 1;
				DEVELOPMENT_TEAM = 8LNN887G52;
				GENERATE_INFOPLIST_FILE = YES;
				INFOPLIST_FILE = TMDB/DefaultFiles/Info.plist;
				INFOPLIST_KEY_UIApplicationSupportsIndirectInputEvents = YES;
				INFOPLIST_KEY_UILaunchStoryboardName = LaunchScreen;
				INFOPLIST_KEY_UIMainStoryboardFile = Main;
				INFOPLIST_KEY_UISupportedInterfaceOrientations_iPad = "UIInterfaceOrientationPortrait UIInterfaceOrientationPortraitUpsideDown UIInterfaceOrientationLandscapeLeft UIInterfaceOrientationLandscapeRight";
				INFOPLIST_KEY_UISupportedInterfaceOrientations_iPhone = "UIInterfaceOrientationPortrait UIInterfaceOrientationLandscapeLeft UIInterfaceOrientationLandscapeRight";
				IPHONEOS_DEPLOYMENT_TARGET = 16.0;
				LD_RUNPATH_SEARCH_PATHS = (
					"$(inherited)",
					"@executable_path/Frameworks",
				);
				MARKETING_VERSION = 1.0;
				PRODUCT_BUNDLE_IDENTIFIER = sb.TMDB;
				PRODUCT_NAME = "$(TARGET_NAME)";
				SWIFT_EMIT_LOC_STRINGS = YES;
				SWIFT_VERSION = 5.0;
				TARGETED_DEVICE_FAMILY = "1,2";
			};
			name = Release;
		};
/* End XCBuildConfiguration section */

/* Begin XCConfigurationList section */
		F37C5D7E296EBCE800C8906F /* Build configuration list for PBXProject "TMDB" */ = {
			isa = XCConfigurationList;
			buildConfigurations = (
				F37C5D95296EBCE800C8906F /* Debug */,
				F37C5D96296EBCE800C8906F /* Release */,
			);
			defaultConfigurationIsVisible = 0;
			defaultConfigurationName = Release;
		};
		F37C5D97296EBCE800C8906F /* Build configuration list for PBXNativeTarget "TMDB" */ = {
			isa = XCConfigurationList;
			buildConfigurations = (
				F37C5D98296EBCE800C8906F /* Debug */,
				F37C5D99296EBCE800C8906F /* Release */,
			);
			defaultConfigurationIsVisible = 0;
			defaultConfigurationName = Release;
		};
/* End XCConfigurationList section */
	};
	rootObject = F37C5D7B296EBCE800C8906F /* Project object */;
}
